
Microsoft Visual Studio Solution File, Format Version 12.00
# Visual Studio Version 16
VisualStudioVersion = 16.0.30804.86
MinimumVisualStudioVersion = 10.0.40219.1
Project("{FAE04EC0-301F-11D3-BF4B-00C04F79EFBC}") = "H2ProducerConsumer", "H2ProducerConsumer\H2ProducerConsumer.csproj", "{ED02B5E9-EE72-4290-AAC1-9C8C3D9B645D}"
EndProject
Global
	GlobalSection(SolutionConfigurationPlatforms) = preSolution
		Debug|Any CPU = Debug|Any CPU
		Release|Any CPU = Release|Any CPU
	EndGlobalSection
	GlobalSection(ProjectConfigurationPlatforms) = postSolution
		{ED02B5E9-EE72-4290-AAC1-9C8C3D9B645D}.Debug|Any CPU.ActiveCfg = Debug|Any CPU
		{ED02B5E9-EE72-4290-AAC1-9C8C3D9B645D}.Debug|Any CPU.Build.0 = Debug|Any CPU
		{ED02B5E9-EE72-4290-AAC1-9C8C3D9B645D}.Release|Any CPU.ActiveCfg = Release|Any CPU
		{ED02B5E9-EE72-4290-AAC1-9C8C3D9B645D}.Release|Any CPU.Build.0 = Release|Any CPU
	EndGlobalSection
	GlobalSection(SolutionProperties) = preSolution
		HideSolutionNode = FALSE
	EndGlobalSection
	GlobalSection(ExtensibilityGlobals) = postSolution
		SolutionGuid = {33D0181E-B3B7-4A95-8938-568DCCB7C962}
	EndGlobalSection
EndGlobal
